
Microsoft Visual Studio Solution File, Format Version 12.00
# Visual Studio Version 16
VisualStudioVersion = 16.0.29102.190
MinimumVisualStudioVersion = 10.0.40219.1
Project("{2150E333-8FDC-42A3-9474-1A3956D46DE8}") = "0 -Apresentacao", "0 -Apresentacao", "{466BBFF6-BB24-4CAF-923C-5E72A7D06382}"
EndProject
Project("{2150E333-8FDC-42A3-9474-1A3956D46DE8}") = "1 -Servicos", "1 -Servicos", "{78C38F9D-0DBA-4F63-BD52-513EB0FB77B0}"
EndProject
Project("{2150E333-8FDC-42A3-9474-1A3956D46DE8}") = "2 - Aplicacao", "2 - Aplicacao", "{27FDBC6E-6A75-4797-BD62-9E5AC75BB703}"
EndProject
Project("{2150E333-8FDC-42A3-9474-1A3956D46DE8}") = "3- Dominio", "3- Dominio", "{9FD4750B-D492-45E7-AA20-AFA6948CA637}"
EndProject
Project("{2150E333-8FDC-42A3-9474-1A3956D46DE8}") = "4 - Infra", "4 - Infra", "{DF718369-41A2-45D7-B22F-608195DD02CF}"
EndProject
Project("{2150E333-8FDC-42A3-9474-1A3956D46DE8}") = "5 - Teste", "5 - Teste", "{221EED95-D43D-4370-AF19-E78857C926BF}"
EndProject
Project("{2150E333-8FDC-42A3-9474-1A3956D46DE8}") = "4.1 - Dados", "4.1 - Dados", "{6EA21A56-568E-44DE-8CFC-309E5FB5497E}"
EndProject
Project("{2150E333-8FDC-42A3-9474-1A3956D46DE8}") = "4.2 - Ioc", "4.2 - Ioc", "{2237F5D1-7DC6-453D-A54A-8C2A5F76292F}"
EndProject
Project("{9A19103F-16F7-4668-BE54-9A1E7A4F7556}") = "RedeSocial-DDD-TDD.DominioTest", "RedeSocial-DDD-TDD.DominioTest\RedeSocial-DDD-TDD.DominioTest.csproj", "{90A76204-EDC4-45D7-BFB5-583BE01A2FA3}"
EndProject
Project("{9A19103F-16F7-4668-BE54-9A1E7A4F7556}") = "RedeSocial-DDD-TDD.Dominio", "RedeSocial-DDD-TDD.Dominio\RedeSocial-DDD-TDD.Dominio.csproj", "{E15A992F-5420-45B2-8EC5-D28757C34C7E}"
EndProject
Project("{9A19103F-16F7-4668-BE54-9A1E7A4F7556}") = "RedeSocial-DDD-TDD.Infra.Dados", "RedeSocial-DDD-TDD.Infra.Dados\RedeSocial-DDD-TDD.Infra.Dados.csproj", "{BA11A0E2-E2A1-4DA8-B887-5D3A78ABF03D}"
EndProject
Project("{9A19103F-16F7-4668-BE54-9A1E7A4F7556}") = "RedeSocial-DDD-TDD.Infra.Ioc", "RedeSocial-DDD-TDD.Infra.Ioc\RedeSocial-DDD-TDD.Infra.Ioc.csproj", "{96FB1877-09D3-4376-A5A6-0F1F19D639A3}"
EndProject
Project("{9A19103F-16F7-4668-BE54-9A1E7A4F7556}") = "RedeSocial-DDD-TDD.UI", "RedeSocial-DDD-TDD.UI\RedeSocial-DDD-TDD.UI.csproj", "{5BA59631-A0DC-438B-ADBC-354A18FF54B1}"
EndProject
Project("{9A19103F-16F7-4668-BE54-9A1E7A4F7556}") = "RedeSocial-DDD-TDD.Aplicacao", "RedeSocial-DDD-TDD\RedeSocial-DDD-TDD.Aplicacao.csproj", "{C43E0FF2-4D81-4B20-95BA-4D27E5C6754D}"
EndProject
Project("{2150E333-8FDC-42A3-9474-1A3956D46DE8}") = "WebApis", "WebApis", "{93F13998-EDDB-44A2-A115-C6B466E1103B}"
EndProject
Project("{2150E333-8FDC-42A3-9474-1A3956D46DE8}") = "SignalR", "SignalR", "{8F4FD20C-935E-4714-A5C6-96838D06B859}"
EndProject
Project("{FAE04EC0-301F-11D3-BF4B-00C04F79EFBC}") = "RedeSocial-DDD-TDD.Servicos.SignalR", "RedeSocial-DDD-TDD.Servicos.SignalR\RedeSocial-DDD-TDD.Servicos.SignalR.csproj", "{1FF971D6-2CBE-49DC-A697-308C074E09F4}"
EndProject
Project("{FAE04EC0-301F-11D3-BF4B-00C04F79EFBC}") = "RedeSocial-DDD-TDD.Servicos.AplicacaoAPIs", "RedeSocial-DDD-TDD.Servicos.APIs\RedeSocial-DDD-TDD.Servicos.AplicacaoAPIs.csproj", "{2BC28CA0-2FBE-4D19-9689-F27FD43C28E5}"
EndProject
Global
	GlobalSection(SolutionConfigurationPlatforms) = preSolution
		Debug|Any CPU = Debug|Any CPU
		Release|Any CPU = Release|Any CPU
	EndGlobalSection
	GlobalSection(ProjectConfigurationPlatforms) = postSolution
		{90A76204-EDC4-45D7-BFB5-583BE01A2FA3}.Debug|Any CPU.ActiveCfg = Debug|Any CPU
		{90A76204-EDC4-45D7-BFB5-583BE01A2FA3}.Debug|Any CPU.Build.0 = Debug|Any CPU
		{90A76204-EDC4-45D7-BFB5-583BE01A2FA3}.Release|Any CPU.ActiveCfg = Release|Any CPU
		{90A76204-EDC4-45D7-BFB5-583BE01A2FA3}.Release|Any CPU.Build.0 = Release|Any CPU
		{E15A992F-5420-45B2-8EC5-D28757C34C7E}.Debug|Any CPU.ActiveCfg = Debug|Any CPU
		{E15A992F-5420-45B2-8EC5-D28757C34C7E}.Debug|Any CPU.Build.0 = Debug|Any CPU
		{E15A992F-5420-45B2-8EC5-D28757C34C7E}.Release|Any CPU.ActiveCfg = Release|Any CPU
		{E15A992F-5420-45B2-8EC5-D28757C34C7E}.Release|Any CPU.Build.0 = Release|Any CPU
		{BA11A0E2-E2A1-4DA8-B887-5D3A78ABF03D}.Debug|Any CPU.ActiveCfg = Debug|Any CPU
		{BA11A0E2-E2A1-4DA8-B887-5D3A78ABF03D}.Debug|Any CPU.Build.0 = Debug|Any CPU
		{BA11A0E2-E2A1-4DA8-B887-5D3A78ABF03D}.Release|Any CPU.ActiveCfg = Release|Any CPU
		{BA11A0E2-E2A1-4DA8-B887-5D3A78ABF03D}.Release|Any CPU.Build.0 = Release|Any CPU
		{96FB1877-09D3-4376-A5A6-0F1F19D639A3}.Debug|Any CPU.ActiveCfg = Debug|Any CPU
		{96FB1877-09D3-4376-A5A6-0F1F19D639A3}.Debug|Any CPU.Build.0 = Debug|Any CPU
		{96FB1877-09D3-4376-A5A6-0F1F19D639A3}.Release|Any CPU.ActiveCfg = Release|Any CPU
		{96FB1877-09D3-4376-A5A6-0F1F19D639A3}.Release|Any CPU.Build.0 = Release|Any CPU
		{5BA59631-A0DC-438B-ADBC-354A18FF54B1}.Debug|Any CPU.ActiveCfg = Debug|Any CPU
		{5BA59631-A0DC-438B-ADBC-354A18FF54B1}.Debug|Any CPU.Build.0 = Debug|Any CPU
		{5BA59631-A0DC-438B-ADBC-354A18FF54B1}.Release|Any CPU.ActiveCfg = Release|Any CPU
		{5BA59631-A0DC-438B-ADBC-354A18FF54B1}.Release|Any CPU.Build.0 = Release|Any CPU
		{C43E0FF2-4D81-4B20-95BA-4D27E5C6754D}.Debug|Any CPU.ActiveCfg = Debug|Any CPU
		{C43E0FF2-4D81-4B20-95BA-4D27E5C6754D}.Debug|Any CPU.Build.0 = Debug|Any CPU
		{C43E0FF2-4D81-4B20-95BA-4D27E5C6754D}.Release|Any CPU.ActiveCfg = Release|Any CPU
		{C43E0FF2-4D81-4B20-95BA-4D27E5C6754D}.Release|Any CPU.Build.0 = Release|Any CPU
		{1FF971D6-2CBE-49DC-A697-308C074E09F4}.Debug|Any CPU.ActiveCfg = Debug|Any CPU
		{1FF971D6-2CBE-49DC-A697-308C074E09F4}.Debug|Any CPU.Build.0 = Debug|Any CPU
		{1FF971D6-2CBE-49DC-A697-308C074E09F4}.Release|Any CPU.ActiveCfg = Release|Any CPU
		{1FF971D6-2CBE-49DC-A697-308C074E09F4}.Release|Any CPU.Build.0 = Release|Any CPU
		{2BC28CA0-2FBE-4D19-9689-F27FD43C28E5}.Debug|Any CPU.ActiveCfg = Debug|Any CPU
		{2BC28CA0-2FBE-4D19-9689-F27FD43C28E5}.Debug|Any CPU.Build.0 = Debug|Any CPU
		{2BC28CA0-2FBE-4D19-9689-F27FD43C28E5}.Release|Any CPU.ActiveCfg = Release|Any CPU
		{2BC28CA0-2FBE-4D19-9689-F27FD43C28E5}.Release|Any CPU.Build.0 = Release|Any CPU
	EndGlobalSection
	GlobalSection(SolutionProperties) = preSolution
		HideSolutionNode = FALSE
	EndGlobalSection
	GlobalSection(NestedProjects) = preSolution
		{6EA21A56-568E-44DE-8CFC-309E5FB5497E} = {DF718369-41A2-45D7-B22F-608195DD02CF}
		{2237F5D1-7DC6-453D-A54A-8C2A5F76292F} = {DF718369-41A2-45D7-B22F-608195DD02CF}
		{90A76204-EDC4-45D7-BFB5-583BE01A2FA3} = {221EED95-D43D-4370-AF19-E78857C926BF}
		{E15A992F-5420-45B2-8EC5-D28757C34C7E} = {9FD4750B-D492-45E7-AA20-AFA6948CA637}
		{BA11A0E2-E2A1-4DA8-B887-5D3A78ABF03D} = {6EA21A56-568E-44DE-8CFC-309E5FB5497E}
		{96FB1877-09D3-4376-A5A6-0F1F19D639A3} = {2237F5D1-7DC6-453D-A54A-8C2A5F76292F}
		{5BA59631-A0DC-438B-ADBC-354A18FF54B1} = {466BBFF6-BB24-4CAF-923C-5E72A7D06382}
		{C43E0FF2-4D81-4B20-95BA-4D27E5C6754D} = {27FDBC6E-6A75-4797-BD62-9E5AC75BB703}
		{93F13998-EDDB-44A2-A115-C6B466E1103B} = {78C38F9D-0DBA-4F63-BD52-513EB0FB77B0}
		{8F4FD20C-935E-4714-A5C6-96838D06B859} = {78C38F9D-0DBA-4F63-BD52-513EB0FB77B0}
		{1FF971D6-2CBE-49DC-A697-308C074E09F4} = {8F4FD20C-935E-4714-A5C6-96838D06B859}
		{2BC28CA0-2FBE-4D19-9689-F27FD43C28E5} = {93F13998-EDDB-44A2-A115-C6B466E1103B}
	EndGlobalSection
	GlobalSection(ExtensibilityGlobals) = postSolution
		SolutionGuid = {C19B9C95-FF7B-45AB-8EA4-095CEBE3CEF3}
	EndGlobalSection
EndGlobal
